{
  "version": 4,
  "terraform_version": "1.3.7",
  "serial": 1,
  "lineage": "deece996-281f-5bd7-a8bf-7fe7f6473e36",
  "outputs": {},
  "resources": [
    {
      "mode": "managed",
      "type": "github_repository",
      "name": "terraform-repo",
      "provider": "provider[\"registry.terraform.io/integrations/github\"]",
      "instances": [
        {
          "schema_version": 1,
          "attributes": {
            "allow_auto_merge": false,
            "allow_merge_commit": true,
            "allow_rebase_merge": true,
            "allow_squash_merge": true,
            "allow_update_branch": false,
            "archive_on_destroy": null,
            "archived": false,
            "auto_init": null,
            "default_branch": "main",
            "delete_branch_on_merge": false,
            "description": "",
            "etag": "W/\"3883e385437ab6e8f5210cb3efc842003a3d5e69904d0293e11fa822a236d68e\"",
            "full_name": "getyourdurga/terraform-repo",
            "git_clone_url": "git://github.com/getyourdurga/terraform-repo.git",
            "gitignore_template": null,
            "has_discussions": false,
            "has_downloads": false,
            "has_issues": false,
            "has_projects": false,
            "has_wiki": false,
            "homepage_url": "",
            "html_url": "https://github.com/getyourdurga/terraform-repo",
            "http_clone_url": "https://github.com/getyourdurga/terraform-repo.git",
            "id": "terraform-repo",
            "ignore_vulnerability_alerts_during_read": null,
            "is_template": false,
            "license_template": null,
            "merge_commit_message": "PR_TITLE",
            "merge_commit_title": "MERGE_MESSAGE",
            "name": "terraform-repo",
            "node_id": "R_kgDOI8Oqsg",
            "pages": [],
            "private": false,
            "repo_id": 600025778,
            "security_and_analysis": [
              {
                "advanced_security": [],
                "secret_scanning": [
                  {
                    "status": "disabled"
                  }
                ],
                "secret_scanning_push_protection": [
                  {
                    "status": "disabled"
                  }
                ]
              }
            ],
            "squash_merge_commit_message": "COMMIT_MESSAGES",
            "squash_merge_commit_title": "COMMIT_OR_PR_TITLE",
            "ssh_clone_url": "git@github.com:getyourdurga/terraform-repo.git",
            "svn_url": "https://github.com/getyourdurga/terraform-repo",
            "template": [],
            "topics": null,
            "visibility": "public",
            "vulnerability_alerts": false
          },
          "sensitive_attributes": [],
          "private": "eyJzY2hlbWFfdmVyc2lvbiI6IjEifQ=="
        }
      ]
    }
  ],
  "check_results": null
}
